Microsoft Visual Studio Solution File, Format Version 11.00
# Visual Studio 2008

Project("{8EFF47BC-C78A-DED1-E723-67E344275D52}") = "AR_sample", "Assembly-CSharp-firstpass.csproj", "{B1AA3537-39A5-4E18-B678-042B845D246D}"
EndProject
Project("{8EFF47BC-C78A-DED1-E723-67E344275D52}") = "AR_sample", "Assembly-CSharp.csproj", "{8D994DED-3EC0-1EBD-322F-E86514C71EB5}"
EndProject
Project("{8EFF47BC-C78A-DED1-E723-67E344275D52}") = "AR_sample", "Assembly-CSharp-Editor.csproj", "{F73B0561-946D-0938-4009-E5E471D91BF8}"
EndProject
Global
	GlobalSection(SolutionConfigurationPlatforms) = preSolution
		Debug|Any CPU = Debug|Any CPU
		Release|Any CPU = Release|Any CPU
	EndGlobalSection
	GlobalSection(ProjectConfigurationPlatforms) = postSolution
		{B1AA3537-39A5-4E18-B678-042B845D246D}.Debug|Any CPU.ActiveCfg = Debug|Any CPU
		{B1AA3537-39A5-4E18-B678-042B845D246D}.Debug|Any CPU.Build.0 = Debug|Any CPU
		{B1AA3537-39A5-4E18-B678-042B845D246D}.Release|Any CPU.ActiveCfg = Release|Any CPU
		{B1AA3537-39A5-4E18-B678-042B845D246D}.Release|Any CPU.Build.0 = Release|Any CPU
		{8D994DED-3EC0-1EBD-322F-E86514C71EB5}.Debug|Any CPU.ActiveCfg = Debug|Any CPU
		{8D994DED-3EC0-1EBD-322F-E86514C71EB5}.Debug|Any CPU.Build.0 = Debug|Any CPU
		{8D994DED-3EC0-1EBD-322F-E86514C71EB5}.Release|Any CPU.ActiveCfg = Release|Any CPU
		{8D994DED-3EC0-1EBD-322F-E86514C71EB5}.Release|Any CPU.Build.0 = Release|Any CPU
		{F73B0561-946D-0938-4009-E5E471D91BF8}.Debug|Any CPU.ActiveCfg = Debug|Any CPU
		{F73B0561-946D-0938-4009-E5E471D91BF8}.Debug|Any CPU.Build.0 = Debug|Any CPU
		{F73B0561-946D-0938-4009-E5E471D91BF8}.Release|Any CPU.ActiveCfg = Release|Any CPU
		{F73B0561-946D-0938-4009-E5E471D91BF8}.Release|Any CPU.Build.0 = Release|Any CPU
	EndGlobalSection
	GlobalSection(SolutionProperties) = preSolution
		HideSolutionNode = FALSE
	EndGlobalSection
	GlobalSection(MonoDevelopProperties) = preSolution
		StartupItem = Assembly-CSharp.csproj
	EndGlobalSection
EndGlobal
